
Microsoft Visual Studio Solution File, Format Version 12.00
# Visual Studio Version 17
VisualStudioVersion = 17.11.35327.3
MinimumVisualStudioVersion = 10.0.40219.1
Project("{8BC9CEB8-8B4A-11D0-8D11-00A0C91BC942}") = "LinSys", "LinSys\LinSys.vcxproj", "{6F112276-4306-4BA4-9B3B-1CDE4FF4706C}"
EndProject
Project("{8BC9CEB8-8B4A-11D0-8D11-00A0C91BC942}") = "Newton", "Newton\Newton.vcxproj", "{4659589C-7F74-49CF-B69B-3A3931668049}"
EndProject
Project("{8BC9CEB8-8B4A-11D0-8D11-00A0C91BC942}") = "Misc", "Misc\Misc.vcxproj", "{B2A0428C-CA57-4AE6-A22D-4155F5604D0A}"
EndProject
Global
	GlobalSection(SolutionConfigurationPlatforms) = preSolution
		Debug|x64 = Debug|x64
		Debug|x86 = Debug|x86
		Release|x64 = Release|x64
		Release|x86 = Release|x86
	EndGlobalSection
	GlobalSection(ProjectConfigurationPlatforms) = postSolution
		{6F112276-4306-4BA4-9B3B-1CDE4FF4706C}.Debug|x64.ActiveCfg = Debug|x64
		{6F112276-4306-4BA4-9B3B-1CDE4FF4706C}.Debug|x64.Build.0 = Debug|x64
		{6F112276-4306-4BA4-9B3B-1CDE4FF4706C}.Debug|x86.ActiveCfg = Debug|Win32
		{6F112276-4306-4BA4-9B3B-1CDE4FF4706C}.Debug|x86.Build.0 = Debug|Win32
		{6F112276-4306-4BA4-9B3B-1CDE4FF4706C}.Release|x64.ActiveCfg = Release|x64
		{6F112276-4306-4BA4-9B3B-1CDE4FF4706C}.Release|x64.Build.0 = Release|x64
		{6F112276-4306-4BA4-9B3B-1CDE4FF4706C}.Release|x86.ActiveCfg = Release|Win32
		{6F112276-4306-4BA4-9B3B-1CDE4FF4706C}.Release|x86.Build.0 = Release|Win32
		{4659589C-7F74-49CF-B69B-3A3931668049}.Debug|x64.ActiveCfg = Debug|x64
		{4659589C-7F74-49CF-B69B-3A3931668049}.Debug|x64.Build.0 = Debug|x64
		{4659589C-7F74-49CF-B69B-3A3931668049}.Debug|x86.ActiveCfg = Debug|Win32
		{4659589C-7F74-49CF-B69B-3A3931668049}.Debug|x86.Build.0 = Debug|Win32
		{4659589C-7F74-49CF-B69B-3A3931668049}.Release|x64.ActiveCfg = Release|x64
		{4659589C-7F74-49CF-B69B-3A3931668049}.Release|x64.Build.0 = Release|x64
		{4659589C-7F74-49CF-B69B-3A3931668049}.Release|x86.ActiveCfg = Release|Win32
		{4659589C-7F74-49CF-B69B-3A3931668049}.Release|x86.Build.0 = Release|Win32
		{B2A0428C-CA57-4AE6-A22D-4155F5604D0A}.Debug|x64.ActiveCfg = Debug|x64
		{B2A0428C-CA57-4AE6-A22D-4155F5604D0A}.Debug|x64.Build.0 = Debug|x64
		{B2A0428C-CA57-4AE6-A22D-4155F5604D0A}.Debug|x86.ActiveCfg = Debug|Win32
		{B2A0428C-CA57-4AE6-A22D-4155F5604D0A}.Debug|x86.Build.0 = Debug|Win32
		{B2A0428C-CA57-4AE6-A22D-4155F5604D0A}.Release|x64.ActiveCfg = Release|x64
		{B2A0428C-CA57-4AE6-A22D-4155F5604D0A}.Release|x64.Build.0 = Release|x64
		{B2A0428C-CA57-4AE6-A22D-4155F5604D0A}.Release|x86.ActiveCfg = Release|Win32
		{B2A0428C-CA57-4AE6-A22D-4155F5604D0A}.Release|x86.Build.0 = Release|Win32
	EndGlobalSection
	GlobalSection(SolutionProperties) = preSolution
		HideSolutionNode = FALSE
	EndGlobalSection
	GlobalSection(ExtensibilityGlobals) = postSolution
		SolutionGuid = {8728B382-15EA-44B9-B189-36DC6132DC5A}
	EndGlobalSection
EndGlobal
